
Microsoft Visual Studio Solution File, Format Version 12.00
# Visual Studio 15
VisualStudioVersion = 15.0.28307.902
MinimumVisualStudioVersion = 10.0.40219.1
Project("{00D1A9C2-B5F0-4AF3-8072-F6C62B433612}") = "Database1", "Database1\Database1.sqlproj", "{CEC521A6-5A7F-4789-A531-010FF775EDAD}"
EndProject
Global
	GlobalSection(SolutionConfigurationPlatforms) = preSolution
		Debug|Any CPU = Debug|Any CPU
		Release|Any CPU = Release|Any CPU
	EndGlobalSection
	GlobalSection(ProjectConfigurationPlatforms) = postSolution
		{CEC521A6-5A7F-4789-A531-010FF775EDAD}.Debug|Any CPU.ActiveCfg = Debug|Any CPU
		{CEC521A6-5A7F-4789-A531-010FF775EDAD}.Debug|Any CPU.Build.0 = Debug|Any CPU
		{CEC521A6-5A7F-4789-A531-010FF775EDAD}.Debug|Any CPU.Deploy.0 = Debug|Any CPU
		{CEC521A6-5A7F-4789-A531-010FF775EDAD}.Release|Any CPU.ActiveCfg = Release|Any CPU
		{CEC521A6-5A7F-4789-A531-010FF775EDAD}.Release|Any CPU.Build.0 = Release|Any CPU
		{CEC521A6-5A7F-4789-A531-010FF775EDAD}.Release|Any CPU.Deploy.0 = Release|Any CPU
	EndGlobalSection
	GlobalSection(SolutionProperties) = preSolution
		HideSolutionNode = FALSE
	EndGlobalSection
	GlobalSection(ExtensibilityGlobals) = postSolution
		SolutionGuid = {6307E693-D330-496A-8E1C-45FDCEC5E154}
	EndGlobalSection
EndGlobal
